
Microsoft Visual Studio Solution File, Format Version 12.00
# Visual Studio Version 17
VisualStudioVersion = 17.14.36414.22 d17.14
MinimumVisualStudioVersion = 10.0.40219.1
Project("{FAE04EC0-301F-11D3-BF4B-00C04F79EFBC}") = "TryMongoDB", "TryMongoDB\TryMongoDB.csproj", "{AA3FCB65-06CF-414D-9FB9-6BB80B9C6731}"
EndProject
Global
	GlobalSection(SolutionConfigurationPlatforms) = preSolution
		Debug|Any CPU = Debug|Any CPU
		Release|Any CPU = Release|Any CPU
	EndGlobalSection
	GlobalSection(ProjectConfigurationPlatforms) = postSolution
		{AA3FCB65-06CF-414D-9FB9-6BB80B9C6731}.Debug|Any CPU.ActiveCfg = Debug|Any CPU
		{AA3FCB65-06CF-414D-9FB9-6BB80B9C6731}.Debug|Any CPU.Build.0 = Debug|Any CPU
		{AA3FCB65-06CF-414D-9FB9-6BB80B9C6731}.Release|Any CPU.ActiveCfg = Release|Any CPU
		{AA3FCB65-06CF-414D-9FB9-6BB80B9C6731}.Release|Any CPU.Build.0 = Release|Any CPU
	EndGlobalSection
	GlobalSection(SolutionProperties) = preSolution
		HideSolutionNode = FALSE
	EndGlobalSection
	GlobalSection(ExtensibilityGlobals) = postSolution
		SolutionGuid = {EC6D3139-FA39-4B45-8B85-F8D3D3687C1B}
	EndGlobalSection
EndGlobal
